{
  "version": 4,
  "terraform_version": "1.6.3",
  "serial": 25,
  "lineage": "19a6058d-5460-460b-dfd0-4e8696235698",
  "outputs": {
    "external_ip": {
      "value": [
        [
          "51.250.2.24",
          "51.250.26.207",
          "51.250.41.186"
        ]
      ],
      "type": [
        "tuple",
        [
          [
            "list",
            "string"
          ]
        ]
      ]
    },
    "internal_ip": {
      "value": [
        [
          "192.168.1.19",
          "192.168.2.3",
          "192.168.3.33"
        ]
      ],
      "type": [
        "tuple",
        [
          [
            "list",
            "string"
          ]
        ]
      ]
    }
  },
  "resources": [
    {
      "mode": "managed",
      "type": "yandex_alb_backend_group",
      "name": "alb-bg",
      "provider": "provider[\"registry.terraform.io/yandex-cloud/yandex\"]",
      "instances": [
        {
          "schema_version": 0,
          "attributes": {
            "created_at": "2023-12-16T21:41:01Z",
            "description": "",
            "folder_id": "b1gsigvfeghcbdmm1jpr",
            "grpc_backend": [],
            "http_backend": [
              {
                "healthcheck": [
                  {
                    "grpc_healthcheck": [],
                    "healthcheck_port": 80,
                    "healthy_threshold": 0,
                    "http_healthcheck": [
                      {
                        "host": "",
                        "http2": false,
                        "path": "/"
                      }
                    ],
                    "interval": "2s",
                    "interval_jitter_percent": 0,
                    "stream_healthcheck": [],
                    "timeout": "10s",
                    "unhealthy_threshold": 0
                  }
                ],
                "http2": false,
                "load_balancing_config": [],
                "name": "backend-1",
                "port": 80,
                "storage_bucket": "",
                "target_group_ids": [
                  "ds7krioiu5de358qtgrp"
                ],
                "tls": [],
                "weight": 1
              }
            ],
            "id": "ds78c158odr6105tk8v5",
            "labels": null,
            "name": "alb-bg",
            "session_affinity": [],
            "stream_backend": [],
            "timeouts": null
          },
          "sensitive_attributes": [],
          "private": "eyJlMmJmYjczMC1lY2FhLTExZTYtOGY4OC0zNDM2M2JjN2M0YzAiOnsiY3JlYXRlIjozMDAwMDAwMDAwMDAsImRlbGV0ZSI6MzAwMDAwMDAwMDAwLCJ1cGRhdGUiOjMwMDAwMDAwMDAwMH19",
          "dependencies": [
            "yandex_compute_image.lemp",
            "yandex_compute_instance_group.alb-vm-group",
            "yandex_vpc_network.network-1",
            "yandex_vpc_security_group.alb-sg",
            "yandex_vpc_security_group.alb-vm-sg",
            "yandex_vpc_subnet.subnet-1",
            "yandex_vpc_subnet.subnet-2",
            "yandex_vpc_subnet.subnet-3"
          ]
        }
      ]
    },
    {
      "mode": "managed",
      "type": "yandex_alb_http_router",
      "name": "alb-router",
      "provider": "provider[\"registry.terraform.io/yandex-cloud/yandex\"]",
      "instances": [
        {
          "schema_version": 0,
          "attributes": {
            "created_at": "2023-12-16T21:23:41Z",
            "description": "",
            "folder_id": "b1gsigvfeghcbdmm1jpr",
            "id": "ds7d7a0g1o709ehd2nbm",
            "labels": {},
            "name": "alb-router",
            "route_options": [],
            "timeouts": null
          },
          "sensitive_attributes": [],
          "private": "eyJlMmJmYjczMC1lY2FhLTExZTYtOGY4OC0zNDM2M2JjN2M0YzAiOnsiY3JlYXRlIjozMDAwMDAwMDAwMDAsImRlbGV0ZSI6MzAwMDAwMDAwMDAwLCJ1cGRhdGUiOjMwMDAwMDAwMDAwMH19"
        }
      ]
    },
    {
      "mode": "managed",
      "type": "yandex_alb_load_balancer",
      "name": "alb-1",
      "provider": "provider[\"registry.terraform.io/yandex-cloud/yandex\"]",
      "instances": [
        {
          "schema_version": 0,
          "attributes": {
            "allocation_policy": [
              {
                "location": [
                  {
                    "disable_traffic": false,
                    "subnet_id": "b0cdsf30vemq0a9dsj3g",
                    "zone_id": "ru-central1-c"
                  },
                  {
                    "disable_traffic": false,
                    "subnet_id": "e2leoc0iagcemcmttivd",
                    "zone_id": "ru-central1-b"
                  },
                  {
                    "disable_traffic": false,
                    "subnet_id": "e9ba723jjb4qhjd6o927",
                    "zone_id": "ru-central1-a"
                  }
                ]
              }
            ],
            "created_at": "2023-12-16T21:23:47Z",
            "description": "",
            "folder_id": "b1gsigvfeghcbdmm1jpr",
            "id": "ds744npom5uv3o7dnt8n",
            "labels": {},
            "listener": [
              {
                "endpoint": [
                  {
                    "address": [
                      {
                        "external_ipv4_address": [
                          {
                            "address": "158.160.138.118"
                          }
                        ],
                        "external_ipv6_address": [],
                        "internal_ipv4_address": []
                      }
                    ],
                    "ports": [
                      80
                    ]
                  }
                ],
                "http": [
                  {
                    "handler": [
                      {
                        "allow_http10": false,
                        "http2_options": [],
                        "http_router_id": "ds7d7a0g1o709ehd2nbm",
                        "rewrite_request_id": false
                      }
                    ],
                    "redirects": []
                  }
                ],
                "name": "alb-listener",
                "stream": [],
                "tls": []
              }
            ],
            "log_group_id": "",
            "log_options": [],
            "name": "alb-1",
            "network_id": "enphf35kohhnmo3nfde4",
            "region_id": "",
            "security_group_ids": [
              "enpb04gnoabekqpr0kf9"
            ],
            "status": "active",
            "timeouts": null
          },
          "sensitive_attributes": [],
          "private": "eyJlMmJmYjczMC1lY2FhLTExZTYtOGY4OC0zNDM2M2JjN2M0YzAiOnsiY3JlYXRlIjo2MDAwMDAwMDAwMDAsImRlbGV0ZSI6NjAwMDAwMDAwMDAwLCJ1cGRhdGUiOjYwMDAwMDAwMDAwMH19",
          "dependencies": [
            "yandex_alb_http_router.alb-router",
            "yandex_vpc_network.network-1",
            "yandex_vpc_security_group.alb-sg",
            "yandex_vpc_subnet.subnet-1",
            "yandex_vpc_subnet.subnet-2",
            "yandex_vpc_subnet.subnet-3"
          ]
        }
      ]
    },
    {
      "mode": "managed",
      "type": "yandex_alb_virtual_host",
      "name": "alb-host",
      "provider": "provider[\"registry.terraform.io/yandex-cloud/yandex\"]",
      "instances": [
        {
          "schema_version": 0,
          "attributes": {
            "authority": [
              "anshlyapnikov.ru",
              "www.anshlyapnikov.ru"
            ],
            "http_router_id": "ds7d7a0g1o709ehd2nbm",
            "id": "ds7d7a0g1o709ehd2nbm/alb-host",
            "modify_request_headers": [],
            "modify_response_headers": [],
            "name": "alb-host",
            "route": [
              {
                "grpc_route": [],
                "http_route": [
                  {
                    "direct_response_action": [],
                    "http_match": [],
                    "http_route_action": [
                      {
                        "auto_host_rewrite": false,
                        "backend_group_id": "ds78c158odr6105tk8v5",
                        "host_rewrite": "",
                        "idle_timeout": "",
                        "prefix_rewrite": "",
                        "timeout": "",
                        "upgrade_types": null
                      }
                    ],
                    "redirect_action": []
                  }
                ],
                "name": "route-1",
                "route_options": []
              }
            ],
            "route_options": [],
            "timeouts": null
          },
          "sensitive_attributes": [],
          "private": "eyJlMmJmYjczMC1lY2FhLTExZTYtOGY4OC0zNDM2M2JjN2M0YzAiOnsiY3JlYXRlIjozMDAwMDAwMDAwMDAsImRlbGV0ZSI6MzAwMDAwMDAwMDAwLCJ1cGRhdGUiOjMwMDAwMDAwMDAwMH19",
          "dependencies": [
            "yandex_alb_backend_group.alb-bg",
            "yandex_alb_http_router.alb-router",
            "yandex_compute_image.lemp",
            "yandex_compute_instance_group.alb-vm-group",
            "yandex_vpc_network.network-1",
            "yandex_vpc_security_group.alb-sg",
            "yandex_vpc_security_group.alb-vm-sg",
            "yandex_vpc_subnet.subnet-1",
            "yandex_vpc_subnet.subnet-2",
            "yandex_vpc_subnet.subnet-3"
          ]
        }
      ]
    },
    {
      "mode": "managed",
      "type": "yandex_compute_image",
      "name": "lemp",
      "provider": "provider[\"registry.terraform.io/yandex-cloud/yandex\"]",
      "instances": [
        {
          "schema_version": 0,
          "attributes": {
            "created_at": "2023-12-16T21:23:42Z",
            "description": "",
            "family": "",
            "folder_id": "b1gsigvfeghcbdmm1jpr",
            "id": "fd897phjlmagtfoq3eod",
            "labels": {},
            "min_disk_size": 3,
            "name": "",
            "os_type": null,
            "pooled": false,
            "product_ids": [
              "f2e1ptckp895l25pcn6j",
              "f2e91374lejmcr5kb4hp"
            ],
            "size": 2,
            "source_disk": null,
            "source_family": "lemp",
            "source_image": null,
            "source_snapshot": null,
            "source_url": null,
            "status": "ready",
            "timeouts": null
          },
          "sensitive_attributes": [],
          "private": "eyJlMmJmYjczMC1lY2FhLTExZTYtOGY4OC0zNDM2M2JjN2M0YzAiOnsiY3JlYXRlIjozMDAwMDAwMDAwMDAsImRlbGV0ZSI6MzAwMDAwMDAwMDAwLCJ1cGRhdGUiOjMwMDAwMDAwMDAwMH19"
        }
      ]
    },
    {
      "mode": "managed",
      "type": "yandex_compute_instance_group",
      "name": "alb-vm-group",
      "provider": "provider[\"registry.terraform.io/yandex-cloud/yandex\"]",
      "instances": [
        {
          "schema_version": 0,
          "attributes": {
            "allocation_policy": [
              {
                "instance_tags_pool": [],
                "zones": [
                  "ru-central1-a",
                  "ru-central1-b",
                  "ru-central1-c"
                ]
              }
            ],
            "application_load_balancer": [
              {
                "ignore_health_checks": false,
                "max_opening_traffic_duration": 0,
                "status_message": "",
                "target_group_description": "",
                "target_group_id": "ds7krioiu5de358qtgrp",
                "target_group_labels": null,
                "target_group_name": "alb-tg"
              }
            ],
            "created_at": "2023-12-16T21:39:51Z",
            "deletion_protection": false,
            "deploy_policy": [
              {
                "max_creating": 0,
                "max_deleting": 0,
                "max_expansion": 0,
                "max_unavailable": 1,
                "startup_duration": 0,
                "strategy": "proactive"
              }
            ],
            "description": "",
            "folder_id": "b1gsigvfeghcbdmm1jpr",
            "health_check": [],
            "id": "cl1afqik0a3d72v65302",
            "instance_template": [
              {
                "boot_disk": [
                  {
                    "device_name": "",
                    "disk_id": "",
                    "initialize_params": [
                      {
                        "description": "",
                        "image_id": "fd897phjlmagtfoq3eod",
                        "size": 3,
                        "snapshot_id": "",
                        "type": "network-hdd"
                      }
                    ],
                    "mode": "READ_WRITE",
                    "name": ""
                  }
                ],
                "description": "",
                "filesystem": [],
                "hostname": "",
                "labels": {},
                "metadata": {
                  "user-data": "#cloud-config\nusers:\n  - name: andery\n    groups: sudo\n    shell: /bin/bash\n    sudo: ['ALL=(ALL) NOPASSWD:ALL']\n    ssh-authorized-keys:\n      - ssh-rsa AAAAB3NzaC1yc2EAAAADAQABAAABgQDq/p8vU+xa+87FrGeSo6sZc7iN8TKguo9FdSbfy2p7yaw771QcKc5nRFbqJUpHSRhRsU7KY1jQgWjunJE+AHg/x/1WX6Ak3j/6vekfiV5ZDxoxt38THaHIRHcgqRAzVYz9Q0zwEEd3yDQPPDwqhSlCj1eGxpMrizdoE09iTM3Px8HSeQtROSNjtxKcUd2Et3bkv3WaY1dnHHtRXhrYheisaZ1nMs3jhtFk8yQJ+oyLwZhWz2VtNEGavZD0Kk2CxtZImKN9QzaYjxIPJgoxZ4BitvLL/IBaFbzyCn2FrrCA6R6fA6O+di1SKUcFJPieGs58alVlr3DT6Z8+DHOrxXF5wBZqtQGWSaU4T2TJpf7Nwt2p/vAr1lVeRwCgC4S+0w1DootgzaPvbCYsnJ5VffSdyrjfwc0j+EzD3G25XZhBXcBw3tYuLpPmy7zH9znjDySSPTCvn0pspsu8k4qlBc7Lcx/AN+LVxu4wGJoFbA9URKdxb3eaEciaHnEITgCWdqE= andery@andery-shlyapnikov\n"
                },
                "name": "",
                "network_interface": [
                  {
                    "dns_record": [],
                    "ip_address": "",
                    "ipv4": true,
                    "ipv6": false,
                    "ipv6_address": "",
                    "ipv6_dns_record": [],
                    "nat": true,
                    "nat_dns_record": [],
                    "nat_ip_address": "",
                    "network_id": "enphf35kohhnmo3nfde4",
                    "security_group_ids": [
                      "enpkla8je4ilnc91l5tm"
                    ],
                    "subnet_ids": [
                      "b0cdsf30vemq0a9dsj3g",
                      "e2leoc0iagcemcmttivd",
                      "e9ba723jjb4qhjd6o927"
                    ]
                  }
                ],
                "network_settings": [],
                "placement_policy": [],
                "platform_id": "standard-v2",
                "resources": [
                  {
                    "core_fraction": 5,
                    "cores": 2,
                    "gpus": 0,
                    "memory": 1
                  }
                ],
                "scheduling_policy": [
                  {
                    "preemptible": false
                  }
                ],
                "secondary_disk": [],
                "service_account_id": "ajehedk52mko914ofcre"
              }
            ],
            "instances": [
              {
                "fqdn": "cl1afqik0a3d72v65302-imyr.ru-central1.internal",
                "instance_id": "fhmq2hs12s0miv8c4ev9",
                "instance_tag": "",
                "name": "cl1afqik0a3d72v65302-imyr",
                "network_interface": [
                  {
                    "index": 0,
                    "ip_address": "192.168.1.19",
                    "ipv4": true,
                    "ipv6": false,
                    "ipv6_address": "",
                    "mac_address": "d0:0d:1a:14:78:11",
                    "nat": true,
                    "nat_ip_address": "51.250.2.24",
                    "nat_ip_version": "IPV4",
                    "subnet_id": "e9ba723jjb4qhjd6o927"
                  }
                ],
                "status": "RUNNING_ACTUAL",
                "status_changed_at": "2023-12-16T21:40:59Z",
                "status_message": "",
                "zone_id": "ru-central1-a"
              },
              {
                "fqdn": "cl1afqik0a3d72v65302-obyb.ru-central1.internal",
                "instance_id": "epdnlf1fbvom5ghqbnhm",
                "instance_tag": "",
                "name": "cl1afqik0a3d72v65302-obyb",
                "network_interface": [
                  {
                    "index": 0,
                    "ip_address": "192.168.2.3",
                    "ipv4": true,
                    "ipv6": false,
                    "ipv6_address": "",
                    "mac_address": "d0:0d:17:ab:c2:f5",
                    "nat": true,
                    "nat_ip_address": "51.250.26.207",
                    "nat_ip_version": "IPV4",
                    "subnet_id": "e2leoc0iagcemcmttivd"
                  }
                ],
                "status": "RUNNING_ACTUAL",
                "status_changed_at": "2023-12-16T21:40:54Z",
                "status_message": "",
                "zone_id": "ru-central1-b"
              },
              {
                "fqdn": "cl1afqik0a3d72v65302-asaz.ru-central1.internal",
                "instance_id": "ef3hqlc3pca7hf0ogu6f",
                "instance_tag": "",
                "name": "cl1afqik0a3d72v65302-asaz",
                "network_interface": [
                  {
                    "index": 0,
                    "ip_address": "192.168.3.33",
                    "ipv4": true,
                    "ipv6": false,
                    "ipv6_address": "",
                    "mac_address": "d0:0d:11:d5:58:3c",
                    "nat": true,
                    "nat_ip_address": "51.250.41.186",
                    "nat_ip_version": "IPV4",
                    "subnet_id": "b0cdsf30vemq0a9dsj3g"
                  }
                ],
                "status": "RUNNING_ACTUAL",
                "status_changed_at": "2023-12-16T21:40:34Z",
                "status_message": "",
                "zone_id": "ru-central1-c"
              }
            ],
            "labels": null,
            "load_balancer": [],
            "max_checking_health_duration": null,
            "name": "alb-vm-group",
            "scale_policy": [
              {
                "auto_scale": [],
                "fixed_scale": [
                  {
                    "size": 3
                  }
                ],
                "test_auto_scale": []
              }
            ],
            "service_account_id": "ajehedk52mko914ofcre",
            "status": "ACTIVE",
            "timeouts": null,
            "variables": null
          },
          "sensitive_attributes": [
            [
              {
                "type": "get_attr",
                "value": "folder_id"
              }
            ]
          ],
          "private": "eyJlMmJmYjczMC1lY2FhLTExZTYtOGY4OC0zNDM2M2JjN2M0YzAiOnsiY3JlYXRlIjoxODAwMDAwMDAwMDAwLCJkZWxldGUiOjE4MDAwMDAwMDAwMDAsInVwZGF0ZSI6MTgwMDAwMDAwMDAwMH19",
          "dependencies": [
            "yandex_compute_image.lemp",
            "yandex_vpc_network.network-1",
            "yandex_vpc_security_group.alb-sg",
            "yandex_vpc_security_group.alb-vm-sg",
            "yandex_vpc_subnet.subnet-1",
            "yandex_vpc_subnet.subnet-2",
            "yandex_vpc_subnet.subnet-3"
          ]
        }
      ]
    },
    {
      "mode": "managed",
      "type": "yandex_dns_recordset",
      "name": "rs-1",
      "provider": "provider[\"registry.terraform.io/yandex-cloud/yandex\"]",
      "instances": [
        {
          "schema_version": 0,
          "attributes": {
            "data": [
              "158.160.138.118"
            ],
            "id": "dns4m7fdea8ap0lornf6/anshlyapnikov.ru./A",
            "name": "anshlyapnikov.ru.",
            "timeouts": null,
            "ttl": 600,
            "type": "A",
            "zone_id": "dns4m7fdea8ap0lornf6"
          },
          "sensitive_attributes": [],
          "private": "eyJlMmJmYjczMC1lY2FhLTExZTYtOGY4OC0zNDM2M2JjN2M0YzAiOnsiY3JlYXRlIjozMDAwMDAwMDAwMDAsImRlbGV0ZSI6MzAwMDAwMDAwMDAwLCJ1cGRhdGUiOjMwMDAwMDAwMDAwMH19",
          "dependencies": [
            "yandex_alb_http_router.alb-router",
            "yandex_alb_load_balancer.alb-1",
            "yandex_dns_zone.alb-zone",
            "yandex_vpc_network.network-1",
            "yandex_vpc_security_group.alb-sg",
            "yandex_vpc_subnet.subnet-1",
            "yandex_vpc_subnet.subnet-2",
            "yandex_vpc_subnet.subnet-3"
          ]
        }
      ]
    },
    {
      "mode": "managed",
      "type": "yandex_dns_recordset",
      "name": "rs-2",
      "provider": "provider[\"registry.terraform.io/yandex-cloud/yandex\"]",
      "instances": [
        {
          "schema_version": 0,
          "attributes": {
            "data": [
              "anshlyapnikov.ru"
            ],
            "id": "dns4m7fdea8ap0lornf6/www/CNAME",
            "name": "www",
            "timeouts": null,
            "ttl": 600,
            "type": "CNAME",
            "zone_id": "dns4m7fdea8ap0lornf6"
          },
          "sensitive_attributes": [],
          "private": "eyJlMmJmYjczMC1lY2FhLTExZTYtOGY4OC0zNDM2M2JjN2M0YzAiOnsiY3JlYXRlIjozMDAwMDAwMDAwMDAsImRlbGV0ZSI6MzAwMDAwMDAwMDAwLCJ1cGRhdGUiOjMwMDAwMDAwMDAwMH19",
          "dependencies": [
            "yandex_dns_zone.alb-zone"
          ]
        }
      ]
    },
    {
      "mode": "managed",
      "type": "yandex_dns_zone",
      "name": "alb-zone",
      "provider": "provider[\"registry.terraform.io/yandex-cloud/yandex\"]",
      "instances": [
        {
          "schema_version": 0,
          "attributes": {
            "created_at": "2023-12-16T21:33:14Z",
            "description": "Public zone",
            "folder_id": "b1gsigvfeghcbdmm1jpr",
            "id": "dns4m7fdea8ap0lornf6",
            "labels": {},
            "name": "alb-zone",
            "private_networks": [],
            "public": true,
            "timeouts": null,
            "zone": "anshlyapnikov.ru."
          },
          "sensitive_attributes": [],
          "private": "eyJlMmJmYjczMC1lY2FhLTExZTYtOGY4OC0zNDM2M2JjN2M0YzAiOnsiY3JlYXRlIjozMDAwMDAwMDAwMDAsImRlbGV0ZSI6MzAwMDAwMDAwMDAwLCJ1cGRhdGUiOjMwMDAwMDAwMDAwMH19"
        }
      ]
    },
    {
      "mode": "managed",
      "type": "yandex_iam_service_account",
      "name": "ig-sa",
      "provider": "provider[\"registry.terraform.io/yandex-cloud/yandex\"]",
      "instances": [
        {
          "schema_version": 0,
          "attributes": {
            "created_at": "2023-12-16T21:23:42Z",
            "description": "",
            "folder_id": "b1gsigvfeghcbdmm1jpr",
            "id": "ajeb0jr9dbmakhhl8nah",
            "name": "ig-sa",
            "timeouts": null
          },
          "sensitive_attributes": [],
          "private": "eyJlMmJmYjczMC1lY2FhLTExZTYtOGY4OC0zNDM2M2JjN2M0YzAiOnsiY3JlYXRlIjo2MDAwMDAwMDAwMCwiZGVsZXRlIjo2MDAwMDAwMDAwMCwidXBkYXRlIjo2MDAwMDAwMDAwMH19"
        }
      ]
    },
    {
      "mode": "managed",
      "type": "yandex_vpc_network",
      "name": "network-1",
      "provider": "provider[\"registry.terraform.io/yandex-cloud/yandex\"]",
      "instances": [
        {
          "schema_version": 0,
          "attributes": {
            "created_at": "2023-12-16T21:23:41Z",
            "default_security_group_id": "enplfsfp28cbguftbav3",
            "description": "",
            "folder_id": "b1gsigvfeghcbdmm1jpr",
            "id": "enphf35kohhnmo3nfde4",
            "labels": {},
            "name": "network1",
            "subnet_ids": [
              "b0cdsf30vemq0a9dsj3g",
              "e2leoc0iagcemcmttivd",
              "e9ba723jjb4qhjd6o927"
            ],
            "timeouts": null
          },
          "sensitive_attributes": [],
          "private": "eyJlMmJmYjczMC1lY2FhLTExZTYtOGY4OC0zNDM2M2JjN2M0YzAiOnsiY3JlYXRlIjo2MDAwMDAwMDAwMCwiZGVsZXRlIjo2MDAwMDAwMDAwMCwidXBkYXRlIjo2MDAwMDAwMDAwMH19"
        }
      ]
    },
    {
      "mode": "managed",
      "type": "yandex_vpc_security_group",
      "name": "alb-sg",
      "provider": "provider[\"registry.terraform.io/yandex-cloud/yandex\"]",
      "instances": [
        {
          "schema_version": 0,
          "attributes": {
            "created_at": "2023-12-16T21:23:45Z",
            "description": "",
            "egress": [
              {
                "description": "any",
                "from_port": 1,
                "id": "enpo47tvqc9kg6s24ce9",
                "labels": {},
                "port": -1,
                "predefined_target": "",
                "protocol": "ANY",
                "security_group_id": "",
                "to_port": 65535,
                "v4_cidr_blocks": [
                  "0.0.0.0/0"
                ],
                "v6_cidr_blocks": []
              }
            ],
            "folder_id": "b1gsigvfeghcbdmm1jpr",
            "id": "enpb04gnoabekqpr0kf9",
            "ingress": [
              {
                "description": "ext-http",
                "from_port": -1,
                "id": "enpi23rrgav9v0h34p6u",
                "labels": {},
                "port": 80,
                "predefined_target": "",
                "protocol": "TCP",
                "security_group_id": "",
                "to_port": -1,
                "v4_cidr_blocks": [
                  "0.0.0.0/0"
                ],
                "v6_cidr_blocks": []
              },
              {
                "description": "ext-https",
                "from_port": -1,
                "id": "enp3f7regl45hovm9b1g",
                "labels": {},
                "port": 443,
                "predefined_target": "",
                "protocol": "TCP",
                "security_group_id": "",
                "to_port": -1,
                "v4_cidr_blocks": [
                  "0.0.0.0/0"
                ],
                "v6_cidr_blocks": []
              },
              {
                "description": "healthchecks",
                "from_port": -1,
                "id": "enpqbqta8lngpn929vo6",
                "labels": {},
                "port": 30080,
                "predefined_target": "loadbalancer_healthchecks",
                "protocol": "TCP",
                "security_group_id": "",
                "to_port": -1,
                "v4_cidr_blocks": [],
                "v6_cidr_blocks": []
              }
            ],
            "labels": {},
            "name": "alb-sg",
            "network_id": "enphf35kohhnmo3nfde4",
            "status": "ACTIVE",
            "timeouts": null
          },
          "sensitive_attributes": [],
          "private": "eyJlMmJmYjczMC1lY2FhLTExZTYtOGY4OC0zNDM2M2JjN2M0YzAiOnsiY3JlYXRlIjoxODAwMDAwMDAwMDAsImRlbGV0ZSI6MTgwMDAwMDAwMDAwLCJ1cGRhdGUiOjE4MDAwMDAwMDAwMH19",
          "dependencies": [
            "yandex_vpc_network.network-1"
          ]
        }
      ]
    },
    {
      "mode": "managed",
      "type": "yandex_vpc_security_group",
      "name": "alb-vm-sg",
      "provider": "provider[\"registry.terraform.io/yandex-cloud/yandex\"]",
      "instances": [
        {
          "schema_version": 0,
          "attributes": {
            "created_at": "2023-12-16T21:23:47Z",
            "description": "",
            "egress": [],
            "folder_id": "b1gsigvfeghcbdmm1jpr",
            "id": "enpkla8je4ilnc91l5tm",
            "ingress": [
              {
                "description": "balancer",
                "from_port": -1,
                "id": "enp0m4orbvpmd4b3071m",
                "labels": {},
                "port": 80,
                "predefined_target": "",
                "protocol": "TCP",
                "security_group_id": "enpb04gnoabekqpr0kf9",
                "to_port": -1,
                "v4_cidr_blocks": [],
                "v6_cidr_blocks": []
              },
              {
                "description": "ssh",
                "from_port": -1,
                "id": "enpuogeupmlc4eqtsa6v",
                "labels": {},
                "port": 22,
                "predefined_target": "",
                "protocol": "TCP",
                "security_group_id": "",
                "to_port": -1,
                "v4_cidr_blocks": [
                  "0.0.0.0/0"
                ],
                "v6_cidr_blocks": []
              }
            ],
            "labels": {},
            "name": "alb-vm-sg",
            "network_id": "enphf35kohhnmo3nfde4",
            "status": "ACTIVE",
            "timeouts": null
          },
          "sensitive_attributes": [],
          "private": "eyJlMmJmYjczMC1lY2FhLTExZTYtOGY4OC0zNDM2M2JjN2M0YzAiOnsiY3JlYXRlIjoxODAwMDAwMDAwMDAsImRlbGV0ZSI6MTgwMDAwMDAwMDAwLCJ1cGRhdGUiOjE4MDAwMDAwMDAwMH19",
          "dependencies": [
            "yandex_vpc_network.network-1",
            "yandex_vpc_security_group.alb-sg"
          ]
        }
      ]
    },
    {
      "mode": "managed",
      "type": "yandex_vpc_subnet",
      "name": "subnet-1",
      "provider": "provider[\"registry.terraform.io/yandex-cloud/yandex\"]",
      "instances": [
        {
          "schema_version": 0,
          "attributes": {
            "created_at": "2023-12-16T21:23:46Z",
            "description": "",
            "dhcp_options": [],
            "folder_id": "b1gsigvfeghcbdmm1jpr",
            "id": "e9ba723jjb4qhjd6o927",
            "labels": {},
            "name": "subnet-1",
            "network_id": "enphf35kohhnmo3nfde4",
            "route_table_id": "",
            "timeouts": null,
            "v4_cidr_blocks": [
              "192.168.1.0/24"
            ],
            "v6_cidr_blocks": [],
            "zone": "ru-central1-a"
          },
          "sensitive_attributes": [],
          "private": "eyJlMmJmYjczMC1lY2FhLTExZTYtOGY4OC0zNDM2M2JjN2M0YzAiOnsiY3JlYXRlIjoxODAwMDAwMDAwMDAsImRlbGV0ZSI6MTgwMDAwMDAwMDAwLCJ1cGRhdGUiOjE4MDAwMDAwMDAwMH19",
          "dependencies": [
            "yandex_vpc_network.network-1"
          ]
        }
      ]
    },
    {
      "mode": "managed",
      "type": "yandex_vpc_subnet",
      "name": "subnet-2",
      "provider": "provider[\"registry.terraform.io/yandex-cloud/yandex\"]",
      "instances": [
        {
          "schema_version": 0,
          "attributes": {
            "created_at": "2023-12-16T21:23:44Z",
            "description": "",
            "dhcp_options": [],
            "folder_id": "b1gsigvfeghcbdmm1jpr",
            "id": "e2leoc0iagcemcmttivd",
            "labels": {},
            "name": "subnet-2",
            "network_id": "enphf35kohhnmo3nfde4",
            "route_table_id": "",
            "timeouts": null,
            "v4_cidr_blocks": [
              "192.168.2.0/24"
            ],
            "v6_cidr_blocks": [],
            "zone": "ru-central1-b"
          },
          "sensitive_attributes": [],
          "private": "eyJlMmJmYjczMC1lY2FhLTExZTYtOGY4OC0zNDM2M2JjN2M0YzAiOnsiY3JlYXRlIjoxODAwMDAwMDAwMDAsImRlbGV0ZSI6MTgwMDAwMDAwMDAwLCJ1cGRhdGUiOjE4MDAwMDAwMDAwMH19",
          "dependencies": [
            "yandex_vpc_network.network-1"
          ]
        }
      ]
    },
    {
      "mode": "managed",
      "type": "yandex_vpc_subnet",
      "name": "subnet-3",
      "provider": "provider[\"registry.terraform.io/yandex-cloud/yandex\"]",
      "instances": [
        {
          "schema_version": 0,
          "attributes": {
            "created_at": "2023-12-16T21:23:45Z",
            "description": "",
            "dhcp_options": [],
            "folder_id": "b1gsigvfeghcbdmm1jpr",
            "id": "b0cdsf30vemq0a9dsj3g",
            "labels": {},
            "name": "subnet-3",
            "network_id": "enphf35kohhnmo3nfde4",
            "route_table_id": "",
            "timeouts": null,
            "v4_cidr_blocks": [
              "192.168.3.0/24"
            ],
            "v6_cidr_blocks": [],
            "zone": "ru-central1-c"
          },
          "sensitive_attributes": [],
          "private": "eyJlMmJmYjczMC1lY2FhLTExZTYtOGY4OC0zNDM2M2JjN2M0YzAiOnsiY3JlYXRlIjoxODAwMDAwMDAwMDAsImRlbGV0ZSI6MTgwMDAwMDAwMDAwLCJ1cGRhdGUiOjE4MDAwMDAwMDAwMH19",
          "dependencies": [
            "yandex_vpc_network.network-1"
          ]
        }
      ]
    }
  ],
  "check_results": null
}
