{
  "version": 4,
  "terraform_version": "1.6.6",
  "serial": 461,
  "lineage": "19a6058d-5460-460b-dfd0-4e8696235698",
  "outputs": {
    "external_ip": {
      "value": [
        [
          "51.250.110.207",
          "51.250.41.29"
        ]
      ],
      "type": [
        "tuple",
        [
          [
            "list",
            "string"
          ]
        ]
      ]
    },
    "internal_ip": {
      "value": [
        [
          "192.168.2.24",
          "192.168.3.13"
        ]
      ],
      "type": [
        "tuple",
        [
          [
            "list",
            "string"
          ]
        ]
      ]
    }
  },
  "resources": [
    {
      "mode": "managed",
      "type": "yandex_alb_backend_group",
      "name": "alb-bg",
      "provider": "provider[\"registry.terraform.io/yandex-cloud/yandex\"]",
      "instances": [
        {
          "schema_version": 0,
          "attributes": {
            "created_at": "2024-01-07T20:13:59Z",
            "description": "",
            "folder_id": "b1gsigvfeghcbdmm1jpr",
            "grpc_backend": [],
            "http_backend": [
              {
                "healthcheck": [
                  {
                    "grpc_healthcheck": [],
                    "healthcheck_port": 80,
                    "healthy_threshold": 0,
                    "http_healthcheck": [
                      {
                        "host": "",
                        "http2": false,
                        "path": "/"
                      }
                    ],
                    "interval": "2s",
                    "interval_jitter_percent": 0,
                    "stream_healthcheck": [],
                    "timeout": "10s",
                    "unhealthy_threshold": 0
                  }
                ],
                "http2": false,
                "load_balancing_config": [],
                "name": "backend-1",
                "port": 80,
                "storage_bucket": "",
                "target_group_ids": [
                  "ds72595021j87q8q750b"
                ],
                "tls": [],
                "weight": 1
              }
            ],
            "id": "ds77gveuv610mrip5fpr",
            "labels": null,
            "name": "alb-bg",
            "session_affinity": [],
            "stream_backend": [],
            "timeouts": null
          },
          "sensitive_attributes": [],
          "private": "eyJlMmJmYjczMC1lY2FhLTExZTYtOGY4OC0zNDM2M2JjN2M0YzAiOnsiY3JlYXRlIjozMDAwMDAwMDAwMDAsImRlbGV0ZSI6MzAwMDAwMDAwMDAwLCJ1cGRhdGUiOjMwMDAwMDAwMDAwMH19",
          "dependencies": [
            "yandex_compute_image.container-optimized-image",
            "yandex_compute_instance_group.alb-vm-group",
            "yandex_vpc_network.network-1",
            "yandex_vpc_security_group.alb-sg",
            "yandex_vpc_security_group.alb-vm-sg",
            "yandex_vpc_subnet.subnet-1",
            "yandex_vpc_subnet.subnet-2",
            "yandex_vpc_subnet.subnet-3"
          ]
        }
      ]
    },
    {
      "mode": "managed",
      "type": "yandex_alb_http_router",
      "name": "alb-router",
      "provider": "provider[\"registry.terraform.io/yandex-cloud/yandex\"]",
      "instances": [
        {
          "schema_version": 0,
          "attributes": {
            "created_at": "2024-01-07T20:10:59Z",
            "description": "",
            "folder_id": "b1gsigvfeghcbdmm1jpr",
            "id": "ds78v59c4b7n82sh14kf",
            "labels": null,
            "name": "alb-router",
            "route_options": [],
            "timeouts": null
          },
          "sensitive_attributes": [],
          "private": "eyJlMmJmYjczMC1lY2FhLTExZTYtOGY4OC0zNDM2M2JjN2M0YzAiOnsiY3JlYXRlIjozMDAwMDAwMDAwMDAsImRlbGV0ZSI6MzAwMDAwMDAwMDAwLCJ1cGRhdGUiOjMwMDAwMDAwMDAwMH19"
        }
      ]
    },
    {
      "mode": "managed",
      "type": "yandex_alb_load_balancer",
      "name": "alb-1",
      "provider": "provider[\"registry.terraform.io/yandex-cloud/yandex\"]",
      "instances": [
        {
          "schema_version": 0,
          "attributes": {
            "allocation_policy": [
              {
                "location": [
                  {
                    "disable_traffic": false,
                    "subnet_id": "b0chfqa5e1k1c47r2m1d",
                    "zone_id": "ru-central1-c"
                  },
                  {
                    "disable_traffic": false,
                    "subnet_id": "e2loa5kdipuhbvp2ie1q",
                    "zone_id": "ru-central1-b"
                  },
                  {
                    "disable_traffic": false,
                    "subnet_id": "e9b5ks6u2v9avas9vlef",
                    "zone_id": "ru-central1-a"
                  }
                ]
              }
            ],
            "created_at": "2024-01-07T20:11:05Z",
            "description": "",
            "folder_id": "b1gsigvfeghcbdmm1jpr",
            "id": "ds7pn0rvn2039d7ioc1g",
            "labels": null,
            "listener": [
              {
                "endpoint": [
                  {
                    "address": [
                      {
                        "external_ipv4_address": [
                          {
                            "address": "158.160.140.224"
                          }
                        ],
                        "external_ipv6_address": [],
                        "internal_ipv4_address": []
                      }
                    ],
                    "ports": [
                      80
                    ]
                  }
                ],
                "http": [
                  {
                    "handler": [
                      {
                        "allow_http10": false,
                        "http2_options": [],
                        "http_router_id": "ds78v59c4b7n82sh14kf",
                        "rewrite_request_id": false
                      }
                    ],
                    "redirects": []
                  }
                ],
                "name": "alb-listener",
                "stream": [],
                "tls": []
              }
            ],
            "log_group_id": "",
            "log_options": [],
            "name": "alb-1",
            "network_id": "enp5glt6e51spu7jouv1",
            "region_id": "",
            "security_group_ids": [
              "enp8gh8qhl673o1nalgr"
            ],
            "status": "active",
            "timeouts": null
          },
          "sensitive_attributes": [],
          "private": "eyJlMmJmYjczMC1lY2FhLTExZTYtOGY4OC0zNDM2M2JjN2M0YzAiOnsiY3JlYXRlIjo2MDAwMDAwMDAwMDAsImRlbGV0ZSI6NjAwMDAwMDAwMDAwLCJ1cGRhdGUiOjYwMDAwMDAwMDAwMH19",
          "dependencies": [
            "yandex_alb_http_router.alb-router",
            "yandex_vpc_network.network-1",
            "yandex_vpc_security_group.alb-sg",
            "yandex_vpc_subnet.subnet-1",
            "yandex_vpc_subnet.subnet-2",
            "yandex_vpc_subnet.subnet-3"
          ]
        }
      ]
    },
    {
      "mode": "managed",
      "type": "yandex_alb_virtual_host",
      "name": "alb-host",
      "provider": "provider[\"registry.terraform.io/yandex-cloud/yandex\"]",
      "instances": [
        {
          "schema_version": 0,
          "attributes": {
            "authority": [
              "anshlyapnikov.ru",
              "www.anshlyapnikov.ru"
            ],
            "http_router_id": "ds78v59c4b7n82sh14kf",
            "id": "ds78v59c4b7n82sh14kf/alb-host",
            "modify_request_headers": [],
            "modify_response_headers": [],
            "name": "alb-host",
            "route": [
              {
                "grpc_route": [],
                "http_route": [
                  {
                    "direct_response_action": [],
                    "http_match": [],
                    "http_route_action": [
                      {
                        "auto_host_rewrite": false,
                        "backend_group_id": "ds77gveuv610mrip5fpr",
                        "host_rewrite": "",
                        "idle_timeout": "",
                        "prefix_rewrite": "",
                        "timeout": "",
                        "upgrade_types": null
                      }
                    ],
                    "redirect_action": []
                  }
                ],
                "name": "route-1",
                "route_options": []
              }
            ],
            "route_options": [],
            "timeouts": null
          },
          "sensitive_attributes": [],
          "private": "eyJlMmJmYjczMC1lY2FhLTExZTYtOGY4OC0zNDM2M2JjN2M0YzAiOnsiY3JlYXRlIjozMDAwMDAwMDAwMDAsImRlbGV0ZSI6MzAwMDAwMDAwMDAwLCJ1cGRhdGUiOjMwMDAwMDAwMDAwMH19",
          "dependencies": [
            "yandex_alb_backend_group.alb-bg",
            "yandex_alb_http_router.alb-router",
            "yandex_compute_image.container-optimized-image",
            "yandex_compute_instance_group.alb-vm-group",
            "yandex_vpc_network.network-1",
            "yandex_vpc_security_group.alb-sg",
            "yandex_vpc_security_group.alb-vm-sg",
            "yandex_vpc_subnet.subnet-1",
            "yandex_vpc_subnet.subnet-2",
            "yandex_vpc_subnet.subnet-3"
          ]
        }
      ]
    },
    {
      "mode": "managed",
      "type": "yandex_compute_image",
      "name": "container-optimized-image",
      "provider": "provider[\"registry.terraform.io/yandex-cloud/yandex\"]",
      "instances": [
        {
          "schema_version": 0,
          "attributes": {
            "created_at": "2024-01-07T20:10:59Z",
            "description": "",
            "family": "",
            "folder_id": "b1gsigvfeghcbdmm1jpr",
            "id": "fd834h3datnfc6t8a1tv",
            "labels": null,
            "min_disk_size": 30,
            "name": "",
            "os_type": null,
            "pooled": false,
            "product_ids": [
              "f2eqfaj4nkuj0at96a0a"
            ],
            "size": 5,
            "source_disk": null,
            "source_family": "container-optimized-image",
            "source_image": null,
            "source_snapshot": null,
            "source_url": null,
            "status": "ready",
            "timeouts": null
          },
          "sensitive_attributes": [],
          "private": "eyJlMmJmYjczMC1lY2FhLTExZTYtOGY4OC0zNDM2M2JjN2M0YzAiOnsiY3JlYXRlIjozMDAwMDAwMDAwMDAsImRlbGV0ZSI6MzAwMDAwMDAwMDAwLCJ1cGRhdGUiOjMwMDAwMDAwMDAwMH19"
        }
      ]
    },
    {
      "mode": "managed",
      "type": "yandex_compute_instance_group",
      "name": "alb-vm-group",
      "provider": "provider[\"registry.terraform.io/yandex-cloud/yandex\"]",
      "instances": [
        {
          "schema_version": 0,
          "attributes": {
            "allocation_policy": [
              {
                "instance_tags_pool": [],
                "zones": [
                  "ru-central1-a",
                  "ru-central1-b",
                  "ru-central1-c"
                ]
              }
            ],
            "application_load_balancer": [
              {
                "ignore_health_checks": false,
                "max_opening_traffic_duration": 0,
                "status_message": "",
                "target_group_description": "",
                "target_group_id": "ds72595021j87q8q750b",
                "target_group_labels": null,
                "target_group_name": "alb-tg"
              }
            ],
            "created_at": "2024-01-07T20:11:07Z",
            "deletion_protection": false,
            "deploy_policy": [
              {
                "max_creating": 0,
                "max_deleting": 0,
                "max_expansion": 0,
                "max_unavailable": 1,
                "startup_duration": 0,
                "strategy": "proactive"
              }
            ],
            "description": "",
            "folder_id": "b1gsigvfeghcbdmm1jpr",
            "health_check": [],
            "id": "cl1fe2vb1gqkrbmvd3ph",
            "instance_template": [
              {
                "boot_disk": [
                  {
                    "device_name": "",
                    "disk_id": "",
                    "initialize_params": [
                      {
                        "description": "",
                        "image_id": "fd834h3datnfc6t8a1tv",
                        "size": 30,
                        "snapshot_id": "",
                        "type": "network-hdd"
                      }
                    ],
                    "mode": "READ_WRITE",
                    "name": ""
                  }
                ],
                "description": "",
                "filesystem": [],
                "hostname": "",
                "labels": {},
                "metadata": {
                  "user-data": "#cloud-config\nusers:\n  - name: andery\n    groups: sudo\n    shell: /bin/bash\n    sudo: ['ALL=(ALL) NOPASSWD:ALL']\n    ssh-authorized-keys:\n      - ssh-rsa AAAAB3NzaC1yc2EAAAADAQABAAABgQDq/p8vU+xa+87FrGeSo6sZc7iN8TKguo9FdSbfy2p7yaw771QcKc5nRFbqJUpHSRhRsU7KY1jQgWjunJE+AHg/x/1WX6Ak3j/6vekfiV5ZDxoxt38THaHIRHcgqRAzVYz9Q0zwEEd3yDQPPDwqhSlCj1eGxpMrizdoE09iTM3Px8HSeQtROSNjtxKcUd2Et3bkv3WaY1dnHHtRXhrYheisaZ1nMs3jhtFk8yQJ+oyLwZhWz2VtNEGavZD0Kk2CxtZImKN9QzaYjxIPJgoxZ4BitvLL/IBaFbzyCn2FrrCA6R6fA6O+di1SKUcFJPieGs58alVlr3DT6Z8+DHOrxXF5wBZqtQGWSaU4T2TJpf7Nwt2p/vAr1lVeRwCgC4S+0w1DootgzaPvbCYsnJ5VffSdyrjfwc0j+EzD3G25XZhBXcBw3tYuLpPmy7zH9znjDySSPTCvn0pspsu8k4qlBc7Lcx/AN+LVxu4wGJoFbA9URKdxb3eaEciaHnEITgCWdqE= andery@andery-shlyapnikov\n"
                },
                "name": "",
                "network_interface": [
                  {
                    "dns_record": [],
                    "ip_address": "",
                    "ipv4": true,
                    "ipv6": false,
                    "ipv6_address": "",
                    "ipv6_dns_record": [],
                    "nat": true,
                    "nat_dns_record": [],
                    "nat_ip_address": "",
                    "network_id": "enp5glt6e51spu7jouv1",
                    "security_group_ids": [
                      "enpptq469157hrhsf9me"
                    ],
                    "subnet_ids": [
                      "b0chfqa5e1k1c47r2m1d",
                      "e2loa5kdipuhbvp2ie1q",
                      "e9b5ks6u2v9avas9vlef"
                    ]
                  }
                ],
                "network_settings": [],
                "placement_policy": [],
                "platform_id": "standard-v2",
                "resources": [
                  {
                    "core_fraction": 5,
                    "cores": 2,
                    "gpus": 0,
                    "memory": 1
                  }
                ],
                "scheduling_policy": [
                  {
                    "preemptible": false
                  }
                ],
                "secondary_disk": [],
                "service_account_id": "ajehedk52mko914ofcre"
              }
            ],
            "instances": [
              {
                "fqdn": "cl1fe2vb1gqkrbmvd3ph-idif.ru-central1.internal",
                "instance_id": "epdsn5hhus83fjmgdkd5",
                "instance_tag": "",
                "name": "cl1fe2vb1gqkrbmvd3ph-idif",
                "network_interface": [
                  {
                    "index": 0,
                    "ip_address": "192.168.2.24",
                    "ipv4": true,
                    "ipv6": false,
                    "ipv6_address": "",
                    "mac_address": "d0:0d:1c:b9:63:1f",
                    "nat": true,
                    "nat_ip_address": "51.250.110.207",
                    "nat_ip_version": "IPV4",
                    "subnet_id": "e2loa5kdipuhbvp2ie1q"
                  }
                ],
                "status": "RUNNING_ACTUAL",
                "status_changed_at": "2024-01-07T20:13:56Z",
                "status_message": "",
                "zone_id": "ru-central1-b"
              },
              {
                "fqdn": "cl1fe2vb1gqkrbmvd3ph-akib.ru-central1.internal",
                "instance_id": "ef3pp24nkasou3npn3vr",
                "instance_tag": "",
                "name": "cl1fe2vb1gqkrbmvd3ph-akib",
                "network_interface": [
                  {
                    "index": 0,
                    "ip_address": "192.168.3.13",
                    "ipv4": true,
                    "ipv6": false,
                    "ipv6_address": "",
                    "mac_address": "d0:0d:19:c8:89:7a",
                    "nat": true,
                    "nat_ip_address": "51.250.41.29",
                    "nat_ip_version": "IPV4",
                    "subnet_id": "b0chfqa5e1k1c47r2m1d"
                  }
                ],
                "status": "RUNNING_ACTUAL",
                "status_changed_at": "2024-01-07T20:12:20Z",
                "status_message": "",
                "zone_id": "ru-central1-c"
              }
            ],
            "labels": null,
            "load_balancer": [],
            "max_checking_health_duration": null,
            "name": "alb-vm-group",
            "scale_policy": [
              {
                "auto_scale": [],
                "fixed_scale": [
                  {
                    "size": 2
                  }
                ],
                "test_auto_scale": []
              }
            ],
            "service_account_id": "ajehedk52mko914ofcre",
            "status": "ACTIVE",
            "timeouts": null,
            "variables": null
          },
          "sensitive_attributes": [
            [
              {
                "type": "get_attr",
                "value": "folder_id"
              }
            ]
          ],
          "private": "eyJlMmJmYjczMC1lY2FhLTExZTYtOGY4OC0zNDM2M2JjN2M0YzAiOnsiY3JlYXRlIjoxODAwMDAwMDAwMDAwLCJkZWxldGUiOjE4MDAwMDAwMDAwMDAsInVwZGF0ZSI6MTgwMDAwMDAwMDAwMH19",
          "dependencies": [
            "yandex_compute_image.container-optimized-image",
            "yandex_vpc_network.network-1",
            "yandex_vpc_security_group.alb-sg",
            "yandex_vpc_security_group.alb-vm-sg",
            "yandex_vpc_subnet.subnet-1",
            "yandex_vpc_subnet.subnet-2",
            "yandex_vpc_subnet.subnet-3"
          ]
        }
      ]
    },
    {
      "mode": "managed",
      "type": "yandex_dns_recordset",
      "name": "rs-1",
      "provider": "provider[\"registry.terraform.io/yandex-cloud/yandex\"]",
      "instances": [
        {
          "schema_version": 0,
          "attributes": {
            "data": [
              "158.160.140.224"
            ],
            "id": "dns85i16ie7m9o3e3f0t/anshlyapnikov.ru./A",
            "name": "anshlyapnikov.ru.",
            "timeouts": null,
            "ttl": 600,
            "type": "A",
            "zone_id": "dns85i16ie7m9o3e3f0t"
          },
          "sensitive_attributes": [],
          "private": "eyJlMmJmYjczMC1lY2FhLTExZTYtOGY4OC0zNDM2M2JjN2M0YzAiOnsiY3JlYXRlIjozMDAwMDAwMDAwMDAsImRlbGV0ZSI6MzAwMDAwMDAwMDAwLCJ1cGRhdGUiOjMwMDAwMDAwMDAwMH19",
          "dependencies": [
            "yandex_alb_http_router.alb-router",
            "yandex_alb_load_balancer.alb-1",
            "yandex_dns_zone.alb-zone",
            "yandex_vpc_network.network-1",
            "yandex_vpc_security_group.alb-sg",
            "yandex_vpc_subnet.subnet-1",
            "yandex_vpc_subnet.subnet-2",
            "yandex_vpc_subnet.subnet-3"
          ]
        }
      ]
    },
    {
      "mode": "managed",
      "type": "yandex_dns_recordset",
      "name": "rs-2",
      "provider": "provider[\"registry.terraform.io/yandex-cloud/yandex\"]",
      "instances": [
        {
          "schema_version": 0,
          "attributes": {
            "data": [
              "anshlyapnikov.ru"
            ],
            "id": "dns85i16ie7m9o3e3f0t/www/CNAME",
            "name": "www",
            "timeouts": null,
            "ttl": 600,
            "type": "CNAME",
            "zone_id": "dns85i16ie7m9o3e3f0t"
          },
          "sensitive_attributes": [],
          "private": "eyJlMmJmYjczMC1lY2FhLTExZTYtOGY4OC0zNDM2M2JjN2M0YzAiOnsiY3JlYXRlIjozMDAwMDAwMDAwMDAsImRlbGV0ZSI6MzAwMDAwMDAwMDAwLCJ1cGRhdGUiOjMwMDAwMDAwMDAwMH19",
          "dependencies": [
            "yandex_dns_zone.alb-zone"
          ]
        }
      ]
    },
    {
      "mode": "managed",
      "type": "yandex_dns_zone",
      "name": "alb-zone",
      "provider": "provider[\"registry.terraform.io/yandex-cloud/yandex\"]",
      "instances": [
        {
          "schema_version": 0,
          "attributes": {
            "created_at": "2024-01-07T20:10:59Z",
            "description": "Public zone",
            "folder_id": "b1gsigvfeghcbdmm1jpr",
            "id": "dns85i16ie7m9o3e3f0t",
            "labels": null,
            "name": "alb-zone",
            "private_networks": [],
            "public": true,
            "timeouts": null,
            "zone": "anshlyapnikov.ru."
          },
          "sensitive_attributes": [],
          "private": "eyJlMmJmYjczMC1lY2FhLTExZTYtOGY4OC0zNDM2M2JjN2M0YzAiOnsiY3JlYXRlIjozMDAwMDAwMDAwMDAsImRlbGV0ZSI6MzAwMDAwMDAwMDAwLCJ1cGRhdGUiOjMwMDAwMDAwMDAwMH19"
        }
      ]
    },
    {
      "mode": "managed",
      "type": "yandex_iam_service_account",
      "name": "ig-sa",
      "provider": "provider[\"registry.terraform.io/yandex-cloud/yandex\"]",
      "instances": [
        {
          "schema_version": 0,
          "attributes": {
            "created_at": "2024-01-07T20:10:59Z",
            "description": "",
            "folder_id": "b1gsigvfeghcbdmm1jpr",
            "id": "ajesbeg0spo7rjnvs4fd",
            "name": "ig-sa",
            "timeouts": null
          },
          "sensitive_attributes": [],
          "private": "eyJlMmJmYjczMC1lY2FhLTExZTYtOGY4OC0zNDM2M2JjN2M0YzAiOnsiY3JlYXRlIjo2MDAwMDAwMDAwMCwiZGVsZXRlIjo2MDAwMDAwMDAwMCwidXBkYXRlIjo2MDAwMDAwMDAwMH19"
        }
      ]
    },
    {
      "mode": "managed",
      "type": "yandex_mdb_postgresql_cluster",
      "name": "dev-cluster",
      "provider": "provider[\"registry.terraform.io/yandex-cloud/yandex\"]",
      "instances": [
        {
          "schema_version": 0,
          "attributes": {
            "config": [
              {
                "access": [
                  {
                    "data_lens": false,
                    "data_transfer": false,
                    "serverless": false,
                    "web_sql": false
                  }
                ],
                "autofailover": true,
                "backup_retain_period_days": 7,
                "backup_window_start": [
                  {
                    "hours": 0,
                    "minutes": 0
                  }
                ],
                "disk_size_autoscaling": [
                  {
                    "disk_size_limit": 0,
                    "emergency_usage_threshold": 0,
                    "planned_usage_threshold": 0
                  }
                ],
                "performance_diagnostics": [
                  {
                    "enabled": false,
                    "sessions_sampling_interval": 60,
                    "statements_sampling_interval": 600
                  }
                ],
                "pooler_config": [],
                "postgresql_config": {
                  "shared_preload_libraries": ""
                },
                "resources": [
                  {
                    "disk_size": 20,
                    "disk_type_id": "network-ssd",
                    "resource_preset_id": "s2.micro"
                  }
                ],
                "version": "14"
              }
            ],
            "created_at": "2024-01-07T20:11:03Z",
            "database": [],
            "deletion_protection": false,
            "description": "",
            "environment": "PRODUCTION",
            "folder_id": "b1gsigvfeghcbdmm1jpr",
            "health": "HEALTH_UNKNOWN",
            "host": [
              {
                "assign_public_ip": false,
                "fqdn": "rc1a-tmo0ju9kypcr4g4o.mdb.yandexcloud.net",
                "name": "dev-pg-host",
                "priority": 0,
                "replication_source": "",
                "replication_source_name": "",
                "role": "MASTER",
                "subnet_id": "e9b5ks6u2v9avas9vlef",
                "zone": "ru-central1-a"
              }
            ],
            "host_group_ids": [],
            "host_master_name": "dev-pg-host",
            "id": "c9q264dqlvg0sg1s0dlj",
            "labels": {},
            "maintenance_window": [
              {
                "day": "",
                "hour": 0,
                "type": "ANYTIME"
              }
            ],
            "name": "dev-cluster",
            "network_id": "enp5glt6e51spu7jouv1",
            "restore": [],
            "security_group_ids": [
              "enpmqako5n5cum9c6ro0"
            ],
            "status": "RUNNING",
            "timeouts": null,
            "user": []
          },
          "sensitive_attributes": [],
          "private": "eyJlMmJmYjczMC1lY2FhLTExZTYtOGY4OC0zNDM2M2JjN2M0YzAiOnsiY3JlYXRlIjoxODAwMDAwMDAwMDAwLCJkZWxldGUiOjkwMDAwMDAwMDAwMCwidXBkYXRlIjozNjAwMDAwMDAwMDAwfX0=",
          "dependencies": [
            "yandex_vpc_network.network-1",
            "yandex_vpc_security_group.dev_pg",
            "yandex_vpc_subnet.subnet-1"
          ]
        }
      ]
    },
    {
      "mode": "managed",
      "type": "yandex_mdb_postgresql_database",
      "name": "db1",
      "provider": "provider[\"registry.terraform.io/yandex-cloud/yandex\"]",
      "instances": [
        {
          "schema_version": 0,
          "attributes": {
            "cluster_id": "c9q264dqlvg0sg1s0dlj",
            "deletion_protection": "unspecified",
            "extension": [],
            "id": "c9q264dqlvg0sg1s0dlj:db1",
            "lc_collate": "C",
            "lc_type": "C",
            "name": "db1",
            "owner": "hexlet",
            "template_db": "",
            "timeouts": null
          },
          "sensitive_attributes": [],
          "private": "eyJlMmJmYjczMC1lY2FhLTExZTYtOGY4OC0zNDM2M2JjN2M0YzAiOnsiY3JlYXRlIjo2MDAwMDAwMDAwMDAsImRlbGV0ZSI6NjAwMDAwMDAwMDAwLCJyZWFkIjo2MDAwMDAwMDAwMCwidXBkYXRlIjo2MDAwMDAwMDAwMDB9fQ==",
          "dependencies": [
            "yandex_mdb_postgresql_cluster.dev-cluster",
            "yandex_vpc_network.network-1",
            "yandex_vpc_security_group.dev_pg",
            "yandex_vpc_subnet.subnet-1"
          ]
        }
      ]
    },
    {
      "mode": "managed",
      "type": "yandex_mdb_postgresql_user",
      "name": "hexlet",
      "provider": "provider[\"registry.terraform.io/yandex-cloud/yandex\"]",
      "instances": [
        {
          "schema_version": 0,
          "attributes": {
            "cluster_id": "c9q264dqlvg0sg1s0dlj",
            "conn_limit": 50,
            "deletion_protection": "unspecified",
            "grants": [],
            "id": "c9q264dqlvg0sg1s0dlj:hexlet",
            "login": true,
            "name": "hexlet",
            "password": "password",
            "permission": [],
            "settings": {},
            "timeouts": null
          },
          "sensitive_attributes": [
            [
              {
                "type": "get_attr",
                "value": "password"
              }
            ],
            [
              {
                "type": "get_attr",
                "value": "name"
              }
            ]
          ],
          "private": "eyJlMmJmYjczMC1lY2FhLTExZTYtOGY4OC0zNDM2M2JjN2M0YzAiOnsiY3JlYXRlIjo2MDAwMDAwMDAwMDAsImRlbGV0ZSI6NjAwMDAwMDAwMDAwLCJyZWFkIjo2MDAwMDAwMDAwMCwidXBkYXRlIjo2MDAwMDAwMDAwMDB9fQ==",
          "dependencies": [
            "yandex_mdb_postgresql_cluster.dev-cluster",
            "yandex_vpc_network.network-1",
            "yandex_vpc_security_group.dev_pg",
            "yandex_vpc_subnet.subnet-1"
          ]
        }
      ]
    },
    {
      "mode": "managed",
      "type": "yandex_vpc_network",
      "name": "network-1",
      "provider": "provider[\"registry.terraform.io/yandex-cloud/yandex\"]",
      "instances": [
        {
          "schema_version": 0,
          "attributes": {
            "created_at": "2024-01-07T20:10:59Z",
            "default_security_group_id": "enps9cpke6u9j9sf0rsc",
            "description": "",
            "folder_id": "b1gsigvfeghcbdmm1jpr",
            "id": "enp5glt6e51spu7jouv1",
            "labels": {},
            "name": "network1",
            "subnet_ids": [],
            "timeouts": null
          },
          "sensitive_attributes": [],
          "private": "eyJlMmJmYjczMC1lY2FhLTExZTYtOGY4OC0zNDM2M2JjN2M0YzAiOnsiY3JlYXRlIjo2MDAwMDAwMDAwMCwiZGVsZXRlIjo2MDAwMDAwMDAwMCwidXBkYXRlIjo2MDAwMDAwMDAwMH19"
        }
      ]
    },
    {
      "mode": "managed",
      "type": "yandex_vpc_security_group",
      "name": "alb-sg",
      "provider": "provider[\"registry.terraform.io/yandex-cloud/yandex\"]",
      "instances": [
        {
          "schema_version": 0,
          "attributes": {
            "created_at": "2024-01-07T20:11:04Z",
            "description": "",
            "egress": [
              {
                "description": "any",
                "from_port": 1,
                "id": "enptb75jg0gaih9o9d97",
                "labels": {},
                "port": -1,
                "predefined_target": "",
                "protocol": "ANY",
                "security_group_id": "",
                "to_port": 65535,
                "v4_cidr_blocks": [
                  "0.0.0.0/0"
                ],
                "v6_cidr_blocks": []
              }
            ],
            "folder_id": "b1gsigvfeghcbdmm1jpr",
            "id": "enp8gh8qhl673o1nalgr",
            "ingress": [
              {
                "description": "ext-http",
                "from_port": -1,
                "id": "enp25don3i8h27t9bors",
                "labels": {},
                "port": 80,
                "predefined_target": "",
                "protocol": "TCP",
                "security_group_id": "",
                "to_port": -1,
                "v4_cidr_blocks": [
                  "0.0.0.0/0"
                ],
                "v6_cidr_blocks": []
              },
              {
                "description": "ext-https",
                "from_port": -1,
                "id": "enpiab8ad0jak28qskd8",
                "labels": {},
                "port": 443,
                "predefined_target": "",
                "protocol": "TCP",
                "security_group_id": "",
                "to_port": -1,
                "v4_cidr_blocks": [
                  "0.0.0.0/0"
                ],
                "v6_cidr_blocks": []
              },
              {
                "description": "healthchecks",
                "from_port": -1,
                "id": "enpaorogfriu8i8ip4c7",
                "labels": {},
                "port": 30080,
                "predefined_target": "loadbalancer_healthchecks",
                "protocol": "TCP",
                "security_group_id": "",
                "to_port": -1,
                "v4_cidr_blocks": [],
                "v6_cidr_blocks": []
              }
            ],
            "labels": {},
            "name": "alb-sg",
            "network_id": "enp5glt6e51spu7jouv1",
            "status": "ACTIVE",
            "timeouts": null
          },
          "sensitive_attributes": [],
          "private": "eyJlMmJmYjczMC1lY2FhLTExZTYtOGY4OC0zNDM2M2JjN2M0YzAiOnsiY3JlYXRlIjoxODAwMDAwMDAwMDAsImRlbGV0ZSI6MTgwMDAwMDAwMDAwLCJ1cGRhdGUiOjE4MDAwMDAwMDAwMH19",
          "dependencies": [
            "yandex_vpc_network.network-1"
          ]
        }
      ]
    },
    {
      "mode": "managed",
      "type": "yandex_vpc_security_group",
      "name": "alb-vm-sg",
      "provider": "provider[\"registry.terraform.io/yandex-cloud/yandex\"]",
      "instances": [
        {
          "schema_version": 0,
          "attributes": {
            "created_at": "2024-01-07T20:11:06Z",
            "description": "",
            "egress": [
              {
                "description": "any",
                "from_port": 1,
                "id": "enpkvm2bjoq2dt0ir213",
                "labels": {},
                "port": -1,
                "predefined_target": "",
                "protocol": "ANY",
                "security_group_id": "",
                "to_port": 65535,
                "v4_cidr_blocks": [
                  "0.0.0.0/0"
                ],
                "v6_cidr_blocks": []
              }
            ],
            "folder_id": "b1gsigvfeghcbdmm1jpr",
            "id": "enpptq469157hrhsf9me",
            "ingress": [
              {
                "description": "balancer",
                "from_port": -1,
                "id": "enploun7jud81ku7c03l",
                "labels": {},
                "port": 80,
                "predefined_target": "",
                "protocol": "TCP",
                "security_group_id": "enp8gh8qhl673o1nalgr",
                "to_port": -1,
                "v4_cidr_blocks": [],
                "v6_cidr_blocks": []
              },
              {
                "description": "ssh",
                "from_port": -1,
                "id": "enpt8tuc89jndoquak67",
                "labels": {},
                "port": 22,
                "predefined_target": "",
                "protocol": "TCP",
                "security_group_id": "",
                "to_port": -1,
                "v4_cidr_blocks": [
                  "0.0.0.0/0"
                ],
                "v6_cidr_blocks": []
              }
            ],
            "labels": {},
            "name": "alb-vm-sg",
            "network_id": "enp5glt6e51spu7jouv1",
            "status": "ACTIVE",
            "timeouts": null
          },
          "sensitive_attributes": [],
          "private": "eyJlMmJmYjczMC1lY2FhLTExZTYtOGY4OC0zNDM2M2JjN2M0YzAiOnsiY3JlYXRlIjoxODAwMDAwMDAwMDAsImRlbGV0ZSI6MTgwMDAwMDAwMDAwLCJ1cGRhdGUiOjE4MDAwMDAwMDAwMH19",
          "dependencies": [
            "yandex_vpc_network.network-1",
            "yandex_vpc_security_group.alb-sg"
          ]
        }
      ]
    },
    {
      "mode": "managed",
      "type": "yandex_vpc_security_group",
      "name": "dev_pg",
      "provider": "provider[\"registry.terraform.io/yandex-cloud/yandex\"]",
      "instances": [
        {
          "schema_version": 0,
          "attributes": {
            "created_at": "2024-01-07T20:11:02Z",
            "description": "",
            "egress": [],
            "folder_id": "b1gsigvfeghcbdmm1jpr",
            "id": "enpmqako5n5cum9c6ro0",
            "ingress": [
              {
                "description": "Postgres",
                "from_port": -1,
                "id": "enpeksq6abdmd2e09b4l",
                "labels": {},
                "port": 6432,
                "predefined_target": "",
                "protocol": "TCP",
                "security_group_id": "",
                "to_port": -1,
                "v4_cidr_blocks": [
                  "0.0.0.0/0"
                ],
                "v6_cidr_blocks": []
              }
            ],
            "labels": {},
            "name": "dev-pg",
            "network_id": "enp5glt6e51spu7jouv1",
            "status": "ACTIVE",
            "timeouts": null
          },
          "sensitive_attributes": [],
          "private": "eyJlMmJmYjczMC1lY2FhLTExZTYtOGY4OC0zNDM2M2JjN2M0YzAiOnsiY3JlYXRlIjoxODAwMDAwMDAwMDAsImRlbGV0ZSI6MTgwMDAwMDAwMDAwLCJ1cGRhdGUiOjE4MDAwMDAwMDAwMH19",
          "dependencies": [
            "yandex_vpc_network.network-1"
          ]
        }
      ]
    },
    {
      "mode": "managed",
      "type": "yandex_vpc_subnet",
      "name": "subnet-1",
      "provider": "provider[\"registry.terraform.io/yandex-cloud/yandex\"]",
      "instances": [
        {
          "schema_version": 0,
          "attributes": {
            "created_at": "2024-01-07T20:11:02Z",
            "description": "",
            "dhcp_options": [],
            "folder_id": "b1gsigvfeghcbdmm1jpr",
            "id": "e9b5ks6u2v9avas9vlef",
            "labels": {},
            "name": "subnet-1",
            "network_id": "enp5glt6e51spu7jouv1",
            "route_table_id": "",
            "timeouts": null,
            "v4_cidr_blocks": [
              "192.168.1.0/24"
            ],
            "v6_cidr_blocks": [],
            "zone": "ru-central1-a"
          },
          "sensitive_attributes": [],
          "private": "eyJlMmJmYjczMC1lY2FhLTExZTYtOGY4OC0zNDM2M2JjN2M0YzAiOnsiY3JlYXRlIjoxODAwMDAwMDAwMDAsImRlbGV0ZSI6MTgwMDAwMDAwMDAwLCJ1cGRhdGUiOjE4MDAwMDAwMDAwMH19",
          "dependencies": [
            "yandex_vpc_network.network-1"
          ]
        }
      ]
    },
    {
      "mode": "managed",
      "type": "yandex_vpc_subnet",
      "name": "subnet-2",
      "provider": "provider[\"registry.terraform.io/yandex-cloud/yandex\"]",
      "instances": [
        {
          "schema_version": 0,
          "attributes": {
            "created_at": "2024-01-07T20:11:01Z",
            "description": "",
            "dhcp_options": [],
            "folder_id": "b1gsigvfeghcbdmm1jpr",
            "id": "e2loa5kdipuhbvp2ie1q",
            "labels": {},
            "name": "subnet-2",
            "network_id": "enp5glt6e51spu7jouv1",
            "route_table_id": "",
            "timeouts": null,
            "v4_cidr_blocks": [
              "192.168.2.0/24"
            ],
            "v6_cidr_blocks": [],
            "zone": "ru-central1-b"
          },
          "sensitive_attributes": [],
          "private": "eyJlMmJmYjczMC1lY2FhLTExZTYtOGY4OC0zNDM2M2JjN2M0YzAiOnsiY3JlYXRlIjoxODAwMDAwMDAwMDAsImRlbGV0ZSI6MTgwMDAwMDAwMDAwLCJ1cGRhdGUiOjE4MDAwMDAwMDAwMH19",
          "dependencies": [
            "yandex_vpc_network.network-1"
          ]
        }
      ]
    },
    {
      "mode": "managed",
      "type": "yandex_vpc_subnet",
      "name": "subnet-3",
      "provider": "provider[\"registry.terraform.io/yandex-cloud/yandex\"]",
      "instances": [
        {
          "schema_version": 0,
          "attributes": {
            "created_at": "2024-01-07T20:11:01Z",
            "description": "",
            "dhcp_options": [],
            "folder_id": "b1gsigvfeghcbdmm1jpr",
            "id": "b0chfqa5e1k1c47r2m1d",
            "labels": {},
            "name": "subnet-3",
            "network_id": "enp5glt6e51spu7jouv1",
            "route_table_id": "",
            "timeouts": null,
            "v4_cidr_blocks": [
              "192.168.3.0/24"
            ],
            "v6_cidr_blocks": [],
            "zone": "ru-central1-c"
          },
          "sensitive_attributes": [],
          "private": "eyJlMmJmYjczMC1lY2FhLTExZTYtOGY4OC0zNDM2M2JjN2M0YzAiOnsiY3JlYXRlIjoxODAwMDAwMDAwMDAsImRlbGV0ZSI6MTgwMDAwMDAwMDAwLCJ1cGRhdGUiOjE4MDAwMDAwMDAwMH19",
          "dependencies": [
            "yandex_vpc_network.network-1"
          ]
        }
      ]
    }
  ],
  "check_results": null
}
